
Microsoft Visual Studio Solution File, Format Version 12.00
# Visual Studio Version 17
VisualStudioVersion = 17.0.31919.166
MinimumVisualStudioVersion = 10.0.40219.1
Project("{9A19103F-16F7-4668-BE54-9A1E7A4F7556}") = "TwilioCaller", "TwilioCaller\TwilioCaller.csproj", "{AA3468A4-1220-4A8B-9134-2BEFDC4C753D}"
EndProject
Project("{FAE04EC0-301F-11D3-BF4B-00C04F79EFBC}") = "TwilioCallerTests", "TwilioCallerTests\TwilioCallerTests.csproj", "{371F0DF2-0B37-4CF7-B041-045A589F0992}"
EndProject
Global
	GlobalSection(SolutionConfigurationPlatforms) = preSolution
		Debug|Any CPU = Debug|Any CPU
		Release|Any CPU = Release|Any CPU
	EndGlobalSection
	GlobalSection(ProjectConfigurationPlatforms) = postSolution
		{AA3468A4-1220-4A8B-9134-2BEFDC4C753D}.Debug|Any CPU.ActiveCfg = Debug|Any CPU
		{AA3468A4-1220-4A8B-9134-2BEFDC4C753D}.Debug|Any CPU.Build.0 = Debug|Any CPU
		{AA3468A4-1220-4A8B-9134-2BEFDC4C753D}.Release|Any CPU.ActiveCfg = Release|Any CPU
		{AA3468A4-1220-4A8B-9134-2BEFDC4C753D}.Release|Any CPU.Build.0 = Release|Any CPU
		{371F0DF2-0B37-4CF7-B041-045A589F0992}.Debug|Any CPU.ActiveCfg = Debug|Any CPU
		{371F0DF2-0B37-4CF7-B041-045A589F0992}.Debug|Any CPU.Build.0 = Debug|Any CPU
		{371F0DF2-0B37-4CF7-B041-045A589F0992}.Release|Any CPU.ActiveCfg = Release|Any CPU
		{371F0DF2-0B37-4CF7-B041-045A589F0992}.Release|Any CPU.Build.0 = Release|Any CPU
	EndGlobalSection
	GlobalSection(SolutionProperties) = preSolution
		HideSolutionNode = FALSE
	EndGlobalSection
	GlobalSection(ExtensibilityGlobals) = postSolution
		SolutionGuid = {E06FE594-03C5-4EE7-88AB-FFDA92901C1B}
	EndGlobalSection
EndGlobal
